
Microsoft Visual Studio Solution File, Format Version 12.00
# Visual Studio Version 17
VisualStudioVersion = 17.8.34309.116
MinimumVisualStudioVersion = 10.0.40219.1
Project("{9A19103F-16F7-4668-BE54-9A1E7A4F7556}") = "ReenbitBlob", "ReenbitBlob\ReenbitBlob.csproj", "{2BDB0F71-658D-45A6-A62A-352B4906C2B5}"
EndProject
Project("{9A19103F-16F7-4668-BE54-9A1E7A4F7556}") = "ReenbitBlobTests", "ReenbitBlobTests\ReenbitBlobTests.csproj", "{F7FBCBF5-B694-44F8-B048-A172ADB30D9E}"
EndProject
Global
	GlobalSection(SolutionConfigurationPlatforms) = preSolution
		Debug|Any CPU = Debug|Any CPU
		Release|Any CPU = Release|Any CPU
	EndGlobalSection
	GlobalSection(ProjectConfigurationPlatforms) = postSolution
		{2BDB0F71-658D-45A6-A62A-352B4906C2B5}.Debug|Any CPU.ActiveCfg = Debug|Any CPU
		{2BDB0F71-658D-45A6-A62A-352B4906C2B5}.Debug|Any CPU.Build.0 = Debug|Any CPU
		{2BDB0F71-658D-45A6-A62A-352B4906C2B5}.Release|Any CPU.ActiveCfg = Release|Any CPU
		{2BDB0F71-658D-45A6-A62A-352B4906C2B5}.Release|Any CPU.Build.0 = Release|Any CPU
		{F7FBCBF5-B694-44F8-B048-A172ADB30D9E}.Debug|Any CPU.ActiveCfg = Debug|Any CPU
		{F7FBCBF5-B694-44F8-B048-A172ADB30D9E}.Debug|Any CPU.Build.0 = Debug|Any CPU
		{F7FBCBF5-B694-44F8-B048-A172ADB30D9E}.Release|Any CPU.ActiveCfg = Release|Any CPU
		{F7FBCBF5-B694-44F8-B048-A172ADB30D9E}.Release|Any CPU.Build.0 = Release|Any CPU
	EndGlobalSection
	GlobalSection(SolutionProperties) = preSolution
		HideSolutionNode = FALSE
	EndGlobalSection
	GlobalSection(ExtensibilityGlobals) = postSolution
		SolutionGuid = {DF2C2339-C5B1-4D2D-A472-100333754D1E}
	EndGlobalSection
EndGlobal
